
Microsoft Visual Studio Solution File, Format Version 12.00
# Visual Studio 15
VisualStudioVersion = 15.0.28307.136
MinimumVisualStudioVersion = 10.0.40219.1
Project("{FAE04EC0-301F-11D3-BF4B-00C04F79EFBC}") = "IEnumerableExperiment", "IEnumerableExperiment\IEnumerableExperiment.csproj", "{A41C51BD-7D83-49DD-8FF0-31F08B409503}"
EndProject
Global
	GlobalSection(SolutionConfigurationPlatforms) = preSolution
		Debug|Any CPU = Debug|Any CPU
		Release|Any CPU = Release|Any CPU
	EndGlobalSection
	GlobalSection(ProjectConfigurationPlatforms) = postSolution
		{A41C51BD-7D83-49DD-8FF0-31F08B409503}.Debug|Any CPU.ActiveCfg = Debug|Any CPU
		{A41C51BD-7D83-49DD-8FF0-31F08B409503}.Debug|Any CPU.Build.0 = Debug|Any CPU
		{A41C51BD-7D83-49DD-8FF0-31F08B409503}.Release|Any CPU.ActiveCfg = Release|Any CPU
		{A41C51BD-7D83-49DD-8FF0-31F08B409503}.Release|Any CPU.Build.0 = Release|Any CPU
	EndGlobalSection
	GlobalSection(SolutionProperties) = preSolution
		HideSolutionNode = FALSE
	EndGlobalSection
	GlobalSection(ExtensibilityGlobals) = postSolution
		SolutionGuid = {1CEEE237-4311-4E78-8531-510E822E3427}
	EndGlobalSection
EndGlobal
